
Microsoft Visual Studio Solution File, Format Version 12.00
# Visual Studio Version 17
VisualStudioVersion = 17.7.34221.43
MinimumVisualStudioVersion = 10.0.40219.1
Project("{FAE04EC0-301F-11D3-BF4B-00C04F79EFBC}") = "Metaphoto", "Metaphoto\Metaphoto.csproj", "{A8717086-76E8-4978-AA57-989853284FC1}"
EndProject
Project("{FAE04EC0-301F-11D3-BF4B-00C04F79EFBC}") = "AltexAPI", "AltexAPI\AltexAPI.csproj", "{0618516F-6422-40DB-9D1B-823972A2B201}"
EndProject
Global
	GlobalSection(SolutionConfigurationPlatforms) = preSolution
		Debug|Any CPU = Debug|Any CPU
		Release|Any CPU = Release|Any CPU
	EndGlobalSection
	GlobalSection(ProjectConfigurationPlatforms) = postSolution
		{A8717086-76E8-4978-AA57-989853284FC1}.Debug|Any CPU.ActiveCfg = Debug|Any CPU
		{A8717086-76E8-4978-AA57-989853284FC1}.Debug|Any CPU.Build.0 = Debug|Any CPU
		{A8717086-76E8-4978-AA57-989853284FC1}.Release|Any CPU.ActiveCfg = Release|Any CPU
		{A8717086-76E8-4978-AA57-989853284FC1}.Release|Any CPU.Build.0 = Release|Any CPU
		{0618516F-6422-40DB-9D1B-823972A2B201}.Debug|Any CPU.ActiveCfg = Debug|Any CPU
		{0618516F-6422-40DB-9D1B-823972A2B201}.Debug|Any CPU.Build.0 = Debug|Any CPU
		{0618516F-6422-40DB-9D1B-823972A2B201}.Release|Any CPU.ActiveCfg = Release|Any CPU
		{0618516F-6422-40DB-9D1B-823972A2B201}.Release|Any CPU.Build.0 = Release|Any CPU
	EndGlobalSection
	GlobalSection(SolutionProperties) = preSolution
		HideSolutionNode = FALSE
	EndGlobalSection
	GlobalSection(ExtensibilityGlobals) = postSolution
		SolutionGuid = {3203FEA6-69E7-4094-82B8-19E11D04CDBA}
	EndGlobalSection
EndGlobal
